// !$*UTF8*$!
{
	archiveVersion = 1;
	classes = {
	};
	objectVersion = 56;
	objects = {

/* Begin PBXBuildFile section */
		51A54F3B291BA42B0065EF82 /* AppDelegate.swift in Sources */ = {isa = PBXBuildFile; fileRef = 51A54F3A291BA42B0065EF82 /* AppDelegate.swift */; };
		51A54F3D291BA42B0065EF82 /* SceneDelegate.swift in Sources */ = {isa = PBXBuildFile; fileRef = 51A54F3C291BA42B0065EF82 /* SceneDelegate.swift */; };
		51A54F3F291BA42B0065EF82 /* MainViewController.swift in Sources */ = {isa = PBXBuildFile; fileRef = 51A54F3E291BA42B0065EF82 /* MainViewController.swift */; };
		51A54F44291BA42D0065EF82 /* Assets.xcassets in Resources */ = {isa = PBXBuildFile; fileRef = 51A54F43291BA42D0065EF82 /* Assets.xcassets */; };
		51A54F47291BA42D0065EF82 /* LaunchScreen.storyboard in Resources */ = {isa = PBXBuildFile; fileRef = 51A54F45291BA42D0065EF82 /* LaunchScreen.storyboard */; };
		51A54F55291BC69A0065EF82 /* Song.swift in Sources */ = {isa = PBXBuildFile; fileRef = 51A54F54291BC69A0065EF82 /* Song.swift */; };
		51A54F57291BC6A60065EF82 /* User.swift in Sources */ = {isa = PBXBuildFile; fileRef = 51A54F56291BC6A60065EF82 /* User.swift */; };
		51A54F62291BF2050065EF82 /* L10n-Constants.swift in Sources */ = {isa = PBXBuildFile; fileRef = 51A54F61291BF2050065EF82 /* L10n-Constants.swift */; };
		51E319B1291D1E27006E5C55 /* AuthViewController.swift in Sources */ = {isa = PBXBuildFile; fileRef = 51E319B0291D1E27006E5C55 /* AuthViewController.swift */; };
		51E319B3291D1E34006E5C55 /* WelcomeViewController.swift in Sources */ = {isa = PBXBuildFile; fileRef = 51E319B2291D1E34006E5C55 /* WelcomeViewController.swift */; };
		51E319B5291D1E43006E5C55 /* SettingsViewController.swift in Sources */ = {isa = PBXBuildFile; fileRef = 51E319B4291D1E43006E5C55 /* SettingsViewController.swift */; };
		51E319B7291D1E50006E5C55 /* ProfileViewController.swift in Sources */ = {isa = PBXBuildFile; fileRef = 51E319B6291D1E50006E5C55 /* ProfileViewController.swift */; };
		51E319B9291D1E61006E5C55 /* PlayerViewController.swift in Sources */ = {isa = PBXBuildFile; fileRef = 51E319B8291D1E61006E5C55 /* PlayerViewController.swift */; };
		51E319BB291D22C1006E5C55 /* AuthManager.swift in Sources */ = {isa = PBXBuildFile; fileRef = 51E319BA291D22C1006E5C55 /* AuthManager.swift */; };
		51E319BD291D22CE006E5C55 /* API Caller.swift in Sources */ = {isa = PBXBuildFile; fileRef = 51E319BC291D22CE006E5C55 /* API Caller.swift */; };
		51E319BF291D22E2006E5C55 /* HapticsManager.swift in Sources */ = {isa = PBXBuildFile; fileRef = 51E319BE291D22E2006E5C55 /* HapticsManager.swift */; };
/* End PBXBuildFile section */

/* Begin PBXFileReference section */
		51A54F37291BA42B0065EF82 /* Awesome Player.app */ = {isa = PBXFileReference; explicitFileType = wrapper.application; includeInIndex = 0; path = "Awesome Player.app"; sourceTree = BUILT_PRODUCTS_DIR; };
		51A54F3A291BA42B0065EF82 /* AppDelegate.swift */ = {isa = PBXFileReference; lastKnownFileType = sourcecode.swift; path = AppDelegate.swift; sourceTree = "<group>"; };
		51A54F3C291BA42B0065EF82 /* SceneDelegate.swift */ = {isa = PBXFileReference; lastKnownFileType = sourcecode.swift; path = SceneDelegate.swift; sourceTree = "<group>"; };
		51A54F3E291BA42B0065EF82 /* MainViewController.swift */ = {isa = PBXFileReference; lastKnownFileType = sourcecode.swift; path = MainViewController.swift; sourceTree = "<group>"; };
		51A54F43291BA42D0065EF82 /* Assets.xcassets */ = {isa = PBXFileReference; lastKnownFileType = folder.assetcatalog; path = Assets.xcassets; sourceTree = "<group>"; };
		51A54F46291BA42D0065EF82 /* Base */ = {isa = PBXFileReference; lastKnownFileType = file.storyboard; name = Base; path = Base.lproj/LaunchScreen.storyboard; sourceTree = "<group>"; };
		51A54F48291BA42D0065EF82 /* Info.plist */ = {isa = PBXFileReference; lastKnownFileType = text.plist.xml; path = Info.plist; sourceTree = "<group>"; };
		51A54F54291BC69A0065EF82 /* Song.swift */ = {isa = PBXFileReference; lastKnownFileType = sourcecode.swift; path = Song.swift; sourceTree = "<group>"; };
		51A54F56291BC6A60065EF82 /* User.swift */ = {isa = PBXFileReference; lastKnownFileType = sourcecode.swift; path = User.swift; sourceTree = "<group>"; };
		51A54F5C291BEADA0065EF82 /* swiftgen.yml */ = {isa = PBXFileReference; lastKnownFileType = text.yaml; path = swiftgen.yml; sourceTree = "<group>"; };
		51A54F61291BF2050065EF82 /* L10n-Constants.swift */ = {isa = PBXFileReference; fileEncoding = 4; lastKnownFileType = sourcecode.swift; path = "L10n-Constants.swift"; sourceTree = "<group>"; };
		51E319B0291D1E27006E5C55 /* AuthViewController.swift */ = {isa = PBXFileReference; lastKnownFileType = sourcecode.swift; path = AuthViewController.swift; sourceTree = "<group>"; };
		51E319B2291D1E34006E5C55 /* WelcomeViewController.swift */ = {isa = PBXFileReference; lastKnownFileType = sourcecode.swift; path = WelcomeViewController.swift; sourceTree = "<group>"; };
		51E319B4291D1E43006E5C55 /* SettingsViewController.swift */ = {isa = PBXFileReference; lastKnownFileType = sourcecode.swift; path = SettingsViewController.swift; sourceTree = "<group>"; };
		51E319B6291D1E50006E5C55 /* ProfileViewController.swift */ = {isa = PBXFileReference; lastKnownFileType = sourcecode.swift; path = ProfileViewController.swift; sourceTree = "<group>"; };
		51E319B8291D1E61006E5C55 /* PlayerViewController.swift */ = {isa = PBXFileReference; lastKnownFileType = sourcecode.swift; path = PlayerViewController.swift; sourceTree = "<group>"; };
		51E319BA291D22C1006E5C55 /* AuthManager.swift */ = {isa = PBXFileReference; lastKnownFileType = sourcecode.swift; path = AuthManager.swift; sourceTree = "<group>"; };
		51E319BC291D22CE006E5C55 /* API Caller.swift */ = {isa = PBXFileReference; lastKnownFileType = sourcecode.swift; path = "API Caller.swift"; sourceTree = "<group>"; };
		51E319BE291D22E2006E5C55 /* HapticsManager.swift */ = {isa = PBXFileReference; lastKnownFileType = sourcecode.swift; path = HapticsManager.swift; sourceTree = "<group>"; };
/* End PBXFileReference section */

/* Begin PBXFrameworksBuildPhase section */
		51A54F34291BA42B0065EF82 /* Frameworks */ = {
			isa = PBXFrameworksBuildPhase;
			buildActionMask = 2147483647;
			files = (
			);
			runOnlyForDeploymentPostprocessing = 0;
		};
/* End PBXFrameworksBuildPhase section */

/* Begin PBXGroup section */
		51A54F2E291BA42A0065EF82 = {
			isa = PBXGroup;
			children = (
				51A54F5C291BEADA0065EF82 /* swiftgen.yml */,
				51A54F39291BA42B0065EF82 /* Awesome Player */,
				51A54F38291BA42B0065EF82 /* Products */,
			);
			sourceTree = "<group>";
		};
		51A54F38291BA42B0065EF82 /* Products */ = {
			isa = PBXGroup;
			children = (
				51A54F37291BA42B0065EF82 /* Awesome Player.app */,
			);
			name = Products;
			sourceTree = "<group>";
		};
		51A54F39291BA42B0065EF82 /* Awesome Player */ = {
			isa = PBXGroup;
			children = (
				51A54F5D291BF0900065EF82 /* SwiftGen */,
				51A54F4E291BA5BD0065EF82 /* Models */,
				51A54F50291BA5D30065EF82 /* Views */,
				51A54F51291BA5D90065EF82 /* ViewModels */,
				51A54F53291BA63F0065EF82 /* Managers */,
				51E319AE291D19B4006E5C55 /* Controllers */,
				51A54F52291BA5F80065EF82 /* Resources */,
				51A54F48291BA42D0065EF82 /* Info.plist */,
			);
			path = "Awesome Player";
			sourceTree = "<group>";
		};
		51A54F4E291BA5BD0065EF82 /* Models */ = {
			isa = PBXGroup;
			children = (
				51A54F54291BC69A0065EF82 /* Song.swift */,
				51A54F56291BC6A60065EF82 /* User.swift */,
			);
			path = Models;
			sourceTree = "<group>";
		};
		51A54F50291BA5D30065EF82 /* Views */ = {
			isa = PBXGroup;
			children = (
				51A54F45291BA42D0065EF82 /* LaunchScreen.storyboard */,
			);
			path = Views;
			sourceTree = "<group>";
		};
		51A54F51291BA5D90065EF82 /* ViewModels */ = {
			isa = PBXGroup;
			children = (
			);
			path = ViewModels;
			sourceTree = "<group>";
		};
		51A54F52291BA5F80065EF82 /* Resources */ = {
			isa = PBXGroup;
			children = (
				51A54F43291BA42D0065EF82 /* Assets.xcassets */,
				51A54F3A291BA42B0065EF82 /* AppDelegate.swift */,
				51A54F3C291BA42B0065EF82 /* SceneDelegate.swift */,
			);
			path = Resources;
			sourceTree = "<group>";
		};
		51A54F53291BA63F0065EF82 /* Managers */ = {
			isa = PBXGroup;
			children = (
				51E319BA291D22C1006E5C55 /* AuthManager.swift */,
				51E319BC291D22CE006E5C55 /* API Caller.swift */,
				51E319BE291D22E2006E5C55 /* HapticsManager.swift */,
			);
			path = Managers;
			sourceTree = "<group>";
		};
		51A54F5D291BF0900065EF82 /* SwiftGen */ = {
			isa = PBXGroup;
			children = (
				51A54F61291BF2050065EF82 /* L10n-Constants.swift */,
			);
			path = SwiftGen;
			sourceTree = "<group>";
		};
		51E319AE291D19B4006E5C55 /* Controllers */ = {
			isa = PBXGroup;
			children = (
				51E319AF291D1DE4006E5C55 /* Other */,
				51A54F3E291BA42B0065EF82 /* MainViewController.swift */,
			);
			path = Controllers;
			sourceTree = "<group>";
		};
		51E319AF291D1DE4006E5C55 /* Other */ = {
			isa = PBXGroup;
			children = (
				51E319B0291D1E27006E5C55 /* AuthViewController.swift */,
				51E319B2291D1E34006E5C55 /* WelcomeViewController.swift */,
				51E319B4291D1E43006E5C55 /* SettingsViewController.swift */,
				51E319B6291D1E50006E5C55 /* ProfileViewController.swift */,
				51E319B8291D1E61006E5C55 /* PlayerViewController.swift */,
			);
			path = Other;
			sourceTree = "<group>";
		};
/* End PBXGroup section */

/* Begin PBXNativeTarget section */
		51A54F36291BA42B0065EF82 /* Awesome Player */ = {
			isa = PBXNativeTarget;
			buildConfigurationList = 51A54F4B291BA42D0065EF82 /* Build configuration list for PBXNativeTarget "Awesome Player" */;
			buildPhases = (
				51A54F33291BA42B0065EF82 /* Sources */,
				51A54F34291BA42B0065EF82 /* Frameworks */,
				51A54F35291BA42B0065EF82 /* Resources */,
				51A54F58291BD5040065EF82 /* Run Script */,
				51A54F5B291BDF200065EF82 /* Run Script */,
			);
			buildRules = (
			);
			dependencies = (
			);
			name = "Awesome Player";
			productName = "Awesome Player";
			productReference = 51A54F37291BA42B0065EF82 /* Awesome Player.app */;
			productType = "com.apple.product-type.application";
		};
/* End PBXNativeTarget section */

/* Begin PBXProject section */
		51A54F2F291BA42A0065EF82 /* Project object */ = {
			isa = PBXProject;
			attributes = {
				BuildIndependentTargetsInParallel = 1;
				LastSwiftUpdateCheck = 1410;
				LastUpgradeCheck = 1410;
				TargetAttributes = {
					51A54F36291BA42B0065EF82 = {
						CreatedOnToolsVersion = 14.1;
					};
				};
			};
			buildConfigurationList = 51A54F32291BA42A0065EF82 /* Build configuration list for PBXProject "Awesome Player" */;
			compatibilityVersion = "Xcode 14.0";
			developmentRegion = en;
			hasScannedForEncodings = 0;
			knownRegions = (
				en,
				Base,
			);
			mainGroup = 51A54F2E291BA42A0065EF82;
			productRefGroup = 51A54F38291BA42B0065EF82 /* Products */;
			projectDirPath = "";
			projectRoot = "";
			targets = (
				51A54F36291BA42B0065EF82 /* Awesome Player */,
			);
		};
/* End PBXProject section */

/* Begin PBXResourcesBuildPhase section */
		51A54F35291BA42B0065EF82 /* Resources */ = {
			isa = PBXResourcesBuildPhase;
			buildActionMask = 2147483647;
			files = (
				51A54F47291BA42D0065EF82 /* LaunchScreen.storyboard in Resources */,
				51A54F44291BA42D0065EF82 /* Assets.xcassets in Resources */,
			);
			runOnlyForDeploymentPostprocessing = 0;
		};
/* End PBXResourcesBuildPhase section */

/* Begin PBXShellScriptBuildPhase section */
		51A54F58291BD5040065EF82 /* Run Script */ = {
			isa = PBXShellScriptBuildPhase;
			alwaysOutOfDate = 1;
			buildActionMask = 2147483647;
			files = (
			);
			inputFileListPaths = (
			);
			inputPaths = (
			);
			name = "Run Script";
			outputFileListPaths = (
			);
			outputPaths = (
			);
			runOnlyForDeploymentPostprocessing = 0;
			shellPath = /bin/sh;
			shellScript = "if which swiftlint > /dev/null; then\n  swiftlint\nelse\n  echo \"warning: SwiftLint not installed, download from https://github.com/realm/SwiftLint\"\nfi\n";
		};
		51A54F5B291BDF200065EF82 /* Run Script */ = {
			isa = PBXShellScriptBuildPhase;
			alwaysOutOfDate = 1;
			buildActionMask = 2147483647;
			files = (
			);
			inputFileListPaths = (
			);
			inputPaths = (
			);
			name = "Run Script";
			outputFileListPaths = (
			);
			outputPaths = (
			);
			runOnlyForDeploymentPostprocessing = 0;
			shellPath = /bin/sh;
			shellScript = "if which swiftgen >/dev/null; then\n  swiftgen\nelse\n  echo \"warning: SwiftGen not installed, download it from https://github.com/SwiftGen/SwiftGen\"\nfi\n";
		};
/* End PBXShellScriptBuildPhase section */

/* Begin PBXSourcesBuildPhase section */
		51A54F33291BA42B0065EF82 /* Sources */ = {
			isa = PBXSourcesBuildPhase;
			buildActionMask = 2147483647;
			files = (
				51A54F55291BC69A0065EF82 /* Song.swift in Sources */,
				51E319BB291D22C1006E5C55 /* AuthManager.swift in Sources */,
				51E319BF291D22E2006E5C55 /* HapticsManager.swift in Sources */,
				51E319B3291D1E34006E5C55 /* WelcomeViewController.swift in Sources */,
				51E319B7291D1E50006E5C55 /* ProfileViewController.swift in Sources */,
				51A54F3F291BA42B0065EF82 /* MainViewController.swift in Sources */,
				51E319BD291D22CE006E5C55 /* API Caller.swift in Sources */,
				51A54F3B291BA42B0065EF82 /* AppDelegate.swift in Sources */,
				51E319B1291D1E27006E5C55 /* AuthViewController.swift in Sources */,
				51A54F57291BC6A60065EF82 /* User.swift in Sources */,
				51A54F62291BF2050065EF82 /* L10n-Constants.swift in Sources */,
				51A54F3D291BA42B0065EF82 /* SceneDelegate.swift in Sources */,
				51E319B9291D1E61006E5C55 /* PlayerViewController.swift in Sources */,
				51E319B5291D1E43006E5C55 /* SettingsViewController.swift in Sources */,
			);
			runOnlyForDeploymentPostprocessing = 0;
		};
/* End PBXSourcesBuildPhase section */

/* Begin PBXVariantGroup section */
		51A54F45291BA42D0065EF82 /* LaunchScreen.storyboard */ = {
			isa = PBXVariantGroup;
			children = (
				51A54F46291BA42D0065EF82 /* Base */,
			);
			name = LaunchScreen.storyboard;
			sourceTree = "<group>";
		};
/* End PBXVariantGroup section */

/* Begin XCBuildConfiguration section */
		51A54F49291BA42D0065EF82 /* Debug */ = {
			isa = XCBuildConfiguration;
			buildSettings = {
				ALWAYS_SEARCH_USER_PATHS = NO;
				CLANG_ANALYZER_NONNULL = YES;
				CLANG_ANALYZER_NUMBER_OBJECT_CONVERSION = YES_AGGRESSIVE;
				CLANG_CXX_LANGUAGE_STANDARD = "gnu++20";
				CLANG_ENABLE_MODULES = YES;
				CLANG_ENABLE_OBJC_ARC = YES;
				CLANG_ENABLE_OBJC_WEAK = YES;
				CLANG_WARN_BLOCK_CAPTURE_AUTORELEASING = YES;
				CLANG_WARN_BOOL_CONVERSION = YES;
				CLANG_WARN_COMMA = YES;
				CLANG_WARN_CONSTANT_CONVERSION = YES;
				CLANG_WARN_DEPRECATED_OBJC_IMPLEMENTATIONS = YES;
				CLANG_WARN_DIRECT_OBJC_ISA_USAGE = YES_ERROR;
				CLANG_WARN_DOCUMENTATION_COMMENTS = YES;
				CLANG_WARN_EMPTY_BODY = YES;
				CLANG_WARN_ENUM_CONVERSION = YES;
				CLANG_WARN_INFINITE_RECURSION = YES;
				CLANG_WARN_INT_CONVERSION = YES;
				CLANG_WARN_NON_LITERAL_NULL_CONVERSION = YES;
				CLANG_WARN_OBJC_IMPLICIT_RETAIN_SELF = YES;
				CLANG_WARN_OBJC_LITERAL_CONVERSION = YES;
				CLANG_WARN_OBJC_ROOT_CLASS = YES_ERROR;
				CLANG_WARN_QUOTED_INCLUDE_IN_FRAMEWORK_HEADER = YES;
				CLANG_WARN_RANGE_LOOP_ANALYSIS = YES;
				CLANG_WARN_STRICT_PROTOTYPES = YES;
				CLANG_WARN_SUSPICIOUS_MOVE = YES;
				CLANG_WARN_UNGUARDED_AVAILABILITY = YES_AGGRESSIVE;
				CLANG_WARN_UNREACHABLE_CODE = YES;
				CLANG_WARN__DUPLICATE_METHOD_MATCH = YES;
				COPY_PHASE_STRIP = NO;
				DEBUG_INFORMATION_FORMAT = dwarf;
				ENABLE_STRICT_OBJC_MSGSEND = YES;
				ENABLE_TESTABILITY = YES;
				GCC_C_LANGUAGE_STANDARD = gnu11;
				GCC_DYNAMIC_NO_PIC = NO;
				GCC_NO_COMMON_BLOCKS = YES;
				GCC_OPTIMIZATION_LEVEL = 0;
				GCC_PREPROCESSOR_DEFINITIONS = (
					"DEBUG=1",
					"$(inherited)",
				);
				GCC_WARN_64_TO_32_BIT_CONVERSION = YES;
				GCC_WARN_ABOUT_RETURN_TYPE = YES_ERROR;
				GCC_WARN_UNDECLARED_SELECTOR = YES;
				GCC_WARN_UNINITIALIZED_AUTOS = YES_AGGRESSIVE;
				GCC_WARN_UNUSED_FUNCTION = YES;
				GCC_WARN_UNUSED_VARIABLE = YES;
				IPHONEOS_DEPLOYMENT_TARGET = 15.0;
				MTL_ENABLE_DEBUG_INFO = INCLUDE_SOURCE;
				MTL_FAST_MATH = YES;
				ONLY_ACTIVE_ARCH = YES;
				SDKROOT = iphoneos;
				SWIFT_ACTIVE_COMPILATION_CONDITIONS = DEBUG;
				SWIFT_OPTIMIZATION_LEVEL = "-Onone";
			};
			name = Debug;
		};
		51A54F4A291BA42D0065EF82 /* Release */ = {
			isa = XCBuildConfiguration;
			buildSettings = {
				ALWAYS_SEARCH_USER_PATHS = NO;
				CLANG_ANALYZER_NONNULL = YES;
				CLANG_ANALYZER_NUMBER_OBJECT_CONVERSION = YES_AGGRESSIVE;
				CLANG_CXX_LANGUAGE_STANDARD = "gnu++20";
				CLANG_ENABLE_MODULES = YES;
				CLANG_ENABLE_OBJC_ARC = YES;
				CLANG_ENABLE_OBJC_WEAK = YES;
				CLANG_WARN_BLOCK_CAPTURE_AUTORELEASING = YES;
				CLANG_WARN_BOOL_CONVERSION = YES;
				CLANG_WARN_COMMA = YES;
				CLANG_WARN_CONSTANT_CONVERSION = YES;
				CLANG_WARN_DEPRECATED_OBJC_IMPLEMENTATIONS = YES;
				CLANG_WARN_DIRECT_OBJC_ISA_USAGE = YES_ERROR;
				CLANG_WARN_DOCUMENTATION_COMMENTS = YES;
				CLANG_WARN_EMPTY_BODY = YES;
				CLANG_WARN_ENUM_CONVERSION = YES;
				CLANG_WARN_INFINITE_RECURSION = YES;
				CLANG_WARN_INT_CONVERSION = YES;
				CLANG_WARN_NON_LITERAL_NULL_CONVERSION = YES;
				CLANG_WARN_OBJC_IMPLICIT_RETAIN_SELF = YES;
				CLANG_WARN_OBJC_LITERAL_CONVERSION = YES;
				CLANG_WARN_OBJC_ROOT_CLASS = YES_ERROR;
				CLANG_WARN_QUOTED_INCLUDE_IN_FRAMEWORK_HEADER = YES;
				CLANG_WARN_RANGE_LOOP_ANALYSIS = YES;
				CLANG_WARN_STRICT_PROTOTYPES = YES;
				CLANG_WARN_SUSPICIOUS_MOVE = YES;
				CLANG_WARN_UNGUARDED_AVAILABILITY = YES_AGGRESSIVE;
				CLANG_WARN_UNREACHABLE_CODE = YES;
				CLANG_WARN__DUPLICATE_METHOD_MATCH = YES;
				COPY_PHASE_STRIP = NO;
				DEBUG_INFORMATION_FORMAT = "dwarf-with-dsym";
				ENABLE_NS_ASSERTIONS = NO;
				ENABLE_STRICT_OBJC_MSGSEND = YES;
				GCC_C_LANGUAGE_STANDARD = gnu11;
				GCC_NO_COMMON_BLOCKS = YES;
				GCC_WARN_64_TO_32_BIT_CONVERSION = YES;
				GCC_WARN_ABOUT_RETURN_TYPE = YES_ERROR;
				GCC_WARN_UNDECLARED_SELECTOR = YES;
				GCC_WARN_UNINITIALIZED_AUTOS = YES_AGGRESSIVE;
				GCC_WARN_UNUSED_FUNCTION = YES;
				GCC_WARN_UNUSED_VARIABLE = YES;
				IPHONEOS_DEPLOYMENT_TARGET = 15.0;
				MTL_ENABLE_DEBUG_INFO = NO;
				MTL_FAST_MATH = YES;
				SDKROOT = iphoneos;
				SWIFT_COMPILATION_MODE = wholemodule;
				SWIFT_OPTIMIZATION_LEVEL = "-O";
				VALIDATE_PRODUCT = YES;
			};
			name = Release;
		};
		51A54F4C291BA42D0065EF82 /* Debug */ = {
			isa = XCBuildConfiguration;
			buildSettings = {
				ASSETCATALOG_COMPILER_APPICON_NAME = AppIcon;
				ASSETCATALOG_COMPILER_GLOBAL_ACCENT_COLOR_NAME = AccentColor;
				CODE_SIGN_STYLE = Automatic;
				CURRENT_PROJECT_VERSION = 1;
				DEVELOPMENT_TEAM = V936C69V6G;
				GENERATE_INFOPLIST_FILE = YES;
				INFOPLIST_FILE = "Awesome Player/Info.plist";
				INFOPLIST_KEY_LSApplicationCategoryType = "public.app-category.music";
				INFOPLIST_KEY_UIApplicationSupportsIndirectInputEvents = YES;
				INFOPLIST_KEY_UILaunchStoryboardName = LaunchScreen;
				INFOPLIST_KEY_UISupportedInterfaceOrientations = UIInterfaceOrientationPortrait;
				INFOPLIST_KEY_UISupportedInterfaceOrientations_iPad = "UIInterfaceOrientationPortrait UIInterfaceOrientationPortraitUpsideDown";
				IPHONEOS_DEPLOYMENT_TARGET = 15.0;
				LD_RUNPATH_SEARCH_PATHS = (
					"$(inherited)",
					"@executable_path/Frameworks",
				);
				MARKETING_VERSION = 1.0;
				PRODUCT_BUNDLE_IDENTIFIER = "com.vitalivyucheiski.Awesome-Player";
				PRODUCT_NAME = "$(TARGET_NAME)";
				SUPPORTED_PLATFORMS = "iphoneos iphonesimulator";
				SUPPORTS_MACCATALYST = NO;
				SUPPORTS_MAC_DESIGNED_FOR_IPHONE_IPAD = NO;
				SWIFT_EMIT_LOC_STRINGS = YES;
				SWIFT_VERSION = 5.0;
				TARGETED_DEVICE_FAMILY = 1;
			};
			name = Debug;
		};
		51A54F4D291BA42D0065EF82 /* Release */ = {
			isa = XCBuildConfiguration;
			buildSettings = {
				ASSETCATALOG_COMPILER_APPICON_NAME = AppIcon;
				ASSETCATALOG_COMPILER_GLOBAL_ACCENT_COLOR_NAME = AccentColor;
				CODE_SIGN_STYLE = Automatic;
				CURRENT_PROJECT_VERSION = 1;
				DEVELOPMENT_TEAM = V936C69V6G;
				GENERATE_INFOPLIST_FILE = YES;
				INFOPLIST_FILE = "Awesome Player/Info.plist";
				INFOPLIST_KEY_LSApplicationCategoryType = "public.app-category.music";
				INFOPLIST_KEY_UIApplicationSupportsIndirectInputEvents = YES;
				INFOPLIST_KEY_UILaunchStoryboardName = LaunchScreen;
				INFOPLIST_KEY_UISupportedInterfaceOrientations = UIInterfaceOrientationPortrait;
				INFOPLIST_KEY_UISupportedInterfaceOrientations_iPad = "UIInterfaceOrientationPortrait UIInterfaceOrientationPortraitUpsideDown";
				IPHONEOS_DEPLOYMENT_TARGET = 15.0;
				LD_RUNPATH_SEARCH_PATHS = (
					"$(inherited)",
					"@executable_path/Frameworks",
				);
				MARKETING_VERSION = 1.0;
				PRODUCT_BUNDLE_IDENTIFIER = "com.vitalivyucheiski.Awesome-Player";
				PRODUCT_NAME = "$(TARGET_NAME)";
				SUPPORTED_PLATFORMS = "iphoneos iphonesimulator";
				SUPPORTS_MACCATALYST = NO;
				SUPPORTS_MAC_DESIGNED_FOR_IPHONE_IPAD = NO;
				SWIFT_EMIT_LOC_STRINGS = YES;
				SWIFT_VERSION = 5.0;
				TARGETED_DEVICE_FAMILY = 1;
			};
			name = Release;
		};
/* End XCBuildConfiguration section */

/* Begin XCConfigurationList section */
		51A54F32291BA42A0065EF82 /* Build configuration list for PBXProject "Awesome Player" */ = {
			isa = XCConfigurationList;
			buildConfigurations = (
				51A54F49291BA42D0065EF82 /* Debug */,
				51A54F4A291BA42D0065EF82 /* Release */,
			);
			defaultConfigurationIsVisible = 0;
			defaultConfigurationName = Release;
		};
		51A54F4B291BA42D0065EF82 /* Build configuration list for PBXNativeTarget "Awesome Player" */ = {
			isa = XCConfigurationList;
			buildConfigurations = (
				51A54F4C291BA42D0065EF82 /* Debug */,
				51A54F4D291BA42D0065EF82 /* Release */,
			);
			defaultConfigurationIsVisible = 0;
			defaultConfigurationName = Release;
		};
/* End XCConfigurationList section */
	};
	rootObject = 51A54F2F291BA42A0065EF82 /* Project object */;
}
